# This file is autogenerated, do not edit; changes may be undone by the next 'dep ensure'.


[[projects]]
  branch = "master"
  digest = "1:ade13210417b3b796b2d4c6cc56291735f5392d3066e045c0b53d10d39fe2d7b"
  name = "github.com/rakyll/portmidi"
  packages = ["."]
  pruneopts = "UT"
  revision = "1246dd47c56089ea2ae791266edb7f4c6b90c045"

[solve-meta]
  analyzer-name = "dep"
  analyzer-version = 1
  input-imports = ["github.com/rakyll/portmidi"]
  solver-name = "gps-cdcl"
  solver-version = 1
